
Microsoft Visual Studio Solution File, Format Version 12.00
# Visual Studio Version 16
VisualStudioVersion = 16.0.31911.196
MinimumVisualStudioVersion = 10.0.40219.1
Project("{2150E333-8FDC-42A3-9474-1A3956D46DE8}") = "Services", "Services", "{884AB8C5-E430-406A-AAFD-411B285B2ACC}"
EndProject
Project("{2150E333-8FDC-42A3-9474-1A3956D46DE8}") = "Catalog", "Catalog", "{FA5358FA-BA62-4CCD-8FAB-8C6862228207}"
EndProject
Project("{2150E333-8FDC-42A3-9474-1A3956D46DE8}") = "Basket", "Basket", "{974927CE-C7A0-4960-A8AF-04BA690F502F}"
EndProject
Project("{2150E333-8FDC-42A3-9474-1A3956D46DE8}") = "Discount", "Discount", "{21B6CCB1-9FC4-4096-8DFF-8C441EE4B7AD}"
EndProject
Project("{2150E333-8FDC-42A3-9474-1A3956D46DE8}") = "Ordering", "Ordering", "{CD705DE3-12AE-4732-97BA-4AA8AE0C0671}"
EndProject
Project("{FAE04EC0-301F-11D3-BF4B-00C04F79EFBC}") = "Catalog.API", "Services\Catalog\Catalog.API\Catalog.API.csproj", "{891F0985-CED9-46DB-B88D-084D8D844B15}"
EndProject
Project("{FAE04EC0-301F-11D3-BF4B-00C04F79EFBC}") = "Catalog.Abstraction", "Services\Catalog\Catalog.Abstraction\Catalog.Abstraction.csproj", "{37A3F9F8-E266-4EC3-8321-0D57DFE5551F}"
EndProject
Project("{FAE04EC0-301F-11D3-BF4B-00C04F79EFBC}") = "Catalog.Core", "Services\Catalog\Catalog.Core\Catalog.Core.csproj", "{DD378CC0-C365-447D-AED7-E2B18655B79F}"
EndProject
Project("{FAE04EC0-301F-11D3-BF4B-00C04F79EFBC}") = "Catalog.Infrastructure", "Services\Catalog\Catalog.Infrastructure\Catalog.Infrastructure.csproj", "{796CBB7C-CDDF-4A8B-B051-04CF05299515}"
EndProject
Project("{FAE04EC0-301F-11D3-BF4B-00C04F79EFBC}") = "Basket.API", "Services\Basket\Basket.API\Basket.API.csproj", "{F1AD018E-76F5-40EC-A12B-F2028803CAE5}"
EndProject
Project("{FAE04EC0-301F-11D3-BF4B-00C04F79EFBC}") = "Basket.Abstraction", "Services\Basket\Basket.Abstraction\Basket.Abstraction.csproj", "{B9D48DB6-5194-4D76-89F1-07BC5CD98BB1}"
EndProject
Project("{FAE04EC0-301F-11D3-BF4B-00C04F79EFBC}") = "Basket.Core", "Services\Basket\Basket.Core\Basket.Core.csproj", "{9D8DE847-8B4F-40C0-8E37-9A5B20DE933D}"
EndProject
Project("{FAE04EC0-301F-11D3-BF4B-00C04F79EFBC}") = "Basket.Infrastructure", "Services\Basket\Basket.Infrastructure\Basket.Infrastructure.csproj", "{AFE2DC0B-C83E-4604-BAD1-F71033EDA46B}"
EndProject
Project("{FAE04EC0-301F-11D3-BF4B-00C04F79EFBC}") = "Ordering.API", "Services\Ordering\Ordering.API\Ordering.API.csproj", "{16D49DE1-D138-40BB-A434-F95F7DE446F1}"
EndProject
Project("{FAE04EC0-301F-11D3-BF4B-00C04F79EFBC}") = "Ordering.Abstraction", "Services\Ordering\Ordering.Abstraction\Ordering.Abstraction.csproj", "{A9824B31-8245-43D8-B42B-8F29A63AF497}"
EndProject
Project("{FAE04EC0-301F-11D3-BF4B-00C04F79EFBC}") = "Ordering.Core", "Services\Ordering\Ordering.Core\Ordering.Core.csproj", "{F6A24428-1925-44D3-B6FE-A22EF888F55E}"
EndProject
Project("{FAE04EC0-301F-11D3-BF4B-00C04F79EFBC}") = "Ordering.Infrastructure", "Services\Ordering\Ordering.Infrastructure\Ordering.Infrastructure.csproj", "{0CA48EA1-DD74-42F4-A692-9C366C81EDA7}"
EndProject
Project("{FAE04EC0-301F-11D3-BF4B-00C04F79EFBC}") = "Discount.Grpc", "Services\Discount\Discount.Grpc\Discount.Grpc.csproj", "{C92F8650-3358-4472-9808-65212A2D5536}"
EndProject
Global
	GlobalSection(SolutionConfigurationPlatforms) = preSolution
		Debug|Any CPU = Debug|Any CPU
		Release|Any CPU = Release|Any CPU
	EndGlobalSection
	GlobalSection(ProjectConfigurationPlatforms) = postSolution
		{891F0985-CED9-46DB-B88D-084D8D844B15}.Debug|Any CPU.ActiveCfg = Debug|Any CPU
		{891F0985-CED9-46DB-B88D-084D8D844B15}.Debug|Any CPU.Build.0 = Debug|Any CPU
		{891F0985-CED9-46DB-B88D-084D8D844B15}.Release|Any CPU.ActiveCfg = Release|Any CPU
		{891F0985-CED9-46DB-B88D-084D8D844B15}.Release|Any CPU.Build.0 = Release|Any CPU
		{37A3F9F8-E266-4EC3-8321-0D57DFE5551F}.Debug|Any CPU.ActiveCfg = Debug|Any CPU
		{37A3F9F8-E266-4EC3-8321-0D57DFE5551F}.Debug|Any CPU.Build.0 = Debug|Any CPU
		{37A3F9F8-E266-4EC3-8321-0D57DFE5551F}.Release|Any CPU.ActiveCfg = Release|Any CPU
		{37A3F9F8-E266-4EC3-8321-0D57DFE5551F}.Release|Any CPU.Build.0 = Release|Any CPU
		{DD378CC0-C365-447D-AED7-E2B18655B79F}.Debug|Any CPU.ActiveCfg = Debug|Any CPU
		{DD378CC0-C365-447D-AED7-E2B18655B79F}.Debug|Any CPU.Build.0 = Debug|Any CPU
		{DD378CC0-C365-447D-AED7-E2B18655B79F}.Release|Any CPU.ActiveCfg = Release|Any CPU
		{DD378CC0-C365-447D-AED7-E2B18655B79F}.Release|Any CPU.Build.0 = Release|Any CPU
		{796CBB7C-CDDF-4A8B-B051-04CF05299515}.Debug|Any CPU.ActiveCfg = Debug|Any CPU
		{796CBB7C-CDDF-4A8B-B051-04CF05299515}.Debug|Any CPU.Build.0 = Debug|Any CPU
		{796CBB7C-CDDF-4A8B-B051-04CF05299515}.Release|Any CPU.ActiveCfg = Release|Any CPU
		{796CBB7C-CDDF-4A8B-B051-04CF05299515}.Release|Any CPU.Build.0 = Release|Any CPU
		{F1AD018E-76F5-40EC-A12B-F2028803CAE5}.Debug|Any CPU.ActiveCfg = Debug|Any CPU
		{F1AD018E-76F5-40EC-A12B-F2028803CAE5}.Debug|Any CPU.Build.0 = Debug|Any CPU
		{F1AD018E-76F5-40EC-A12B-F2028803CAE5}.Release|Any CPU.ActiveCfg = Release|Any CPU
		{F1AD018E-76F5-40EC-A12B-F2028803CAE5}.Release|Any CPU.Build.0 = Release|Any CPU
		{B9D48DB6-5194-4D76-89F1-07BC5CD98BB1}.Debug|Any CPU.ActiveCfg = Debug|Any CPU
		{B9D48DB6-5194-4D76-89F1-07BC5CD98BB1}.Debug|Any CPU.Build.0 = Debug|Any CPU
		{B9D48DB6-5194-4D76-89F1-07BC5CD98BB1}.Release|Any CPU.ActiveCfg = Release|Any CPU
		{B9D48DB6-5194-4D76-89F1-07BC5CD98BB1}.Release|Any CPU.Build.0 = Release|Any CPU
		{9D8DE847-8B4F-40C0-8E37-9A5B20DE933D}.Debug|Any CPU.ActiveCfg = Debug|Any CPU
		{9D8DE847-8B4F-40C0-8E37-9A5B20DE933D}.Debug|Any CPU.Build.0 = Debug|Any CPU
		{9D8DE847-8B4F-40C0-8E37-9A5B20DE933D}.Release|Any CPU.ActiveCfg = Release|Any CPU
		{9D8DE847-8B4F-40C0-8E37-9A5B20DE933D}.Release|Any CPU.Build.0 = Release|Any CPU
		{AFE2DC0B-C83E-4604-BAD1-F71033EDA46B}.Debug|Any CPU.ActiveCfg = Debug|Any CPU
		{AFE2DC0B-C83E-4604-BAD1-F71033EDA46B}.Debug|Any CPU.Build.0 = Debug|Any CPU
		{AFE2DC0B-C83E-4604-BAD1-F71033EDA46B}.Release|Any CPU.ActiveCfg = Release|Any CPU
		{AFE2DC0B-C83E-4604-BAD1-F71033EDA46B}.Release|Any CPU.Build.0 = Release|Any CPU
		{16D49DE1-D138-40BB-A434-F95F7DE446F1}.Debug|Any CPU.ActiveCfg = Debug|Any CPU
		{16D49DE1-D138-40BB-A434-F95F7DE446F1}.Debug|Any CPU.Build.0 = Debug|Any CPU
		{16D49DE1-D138-40BB-A434-F95F7DE446F1}.Release|Any CPU.ActiveCfg = Release|Any CPU
		{16D49DE1-D138-40BB-A434-F95F7DE446F1}.Release|Any CPU.Build.0 = Release|Any CPU
		{A9824B31-8245-43D8-B42B-8F29A63AF497}.Debug|Any CPU.ActiveCfg = Debug|Any CPU
		{A9824B31-8245-43D8-B42B-8F29A63AF497}.Debug|Any CPU.Build.0 = Debug|Any CPU
		{A9824B31-8245-43D8-B42B-8F29A63AF497}.Release|Any CPU.ActiveCfg = Release|Any CPU
		{A9824B31-8245-43D8-B42B-8F29A63AF497}.Release|Any CPU.Build.0 = Release|Any CPU
		{F6A24428-1925-44D3-B6FE-A22EF888F55E}.Debug|Any CPU.ActiveCfg = Debug|Any CPU
		{F6A24428-1925-44D3-B6FE-A22EF888F55E}.Debug|Any CPU.Build.0 = Debug|Any CPU
		{F6A24428-1925-44D3-B6FE-A22EF888F55E}.Release|Any CPU.ActiveCfg = Release|Any CPU
		{F6A24428-1925-44D3-B6FE-A22EF888F55E}.Release|Any CPU.Build.0 = Release|Any CPU
		{0CA48EA1-DD74-42F4-A692-9C366C81EDA7}.Debug|Any CPU.ActiveCfg = Debug|Any CPU
		{0CA48EA1-DD74-42F4-A692-9C366C81EDA7}.Debug|Any CPU.Build.0 = Debug|Any CPU
		{0CA48EA1-DD74-42F4-A692-9C366C81EDA7}.Release|Any CPU.ActiveCfg = Release|Any CPU
		{0CA48EA1-DD74-42F4-A692-9C366C81EDA7}.Release|Any CPU.Build.0 = Release|Any CPU
		{C92F8650-3358-4472-9808-65212A2D5536}.Debug|Any CPU.ActiveCfg = Debug|Any CPU
		{C92F8650-3358-4472-9808-65212A2D5536}.Debug|Any CPU.Build.0 = Debug|Any CPU
		{C92F8650-3358-4472-9808-65212A2D5536}.Release|Any CPU.ActiveCfg = Release|Any CPU
		{C92F8650-3358-4472-9808-65212A2D5536}.Release|Any CPU.Build.0 = Release|Any CPU
	EndGlobalSection
	GlobalSection(SolutionProperties) = preSolution
		HideSolutionNode = FALSE
	EndGlobalSection
	GlobalSection(NestedProjects) = preSolution
		{FA5358FA-BA62-4CCD-8FAB-8C6862228207} = {884AB8C5-E430-406A-AAFD-411B285B2ACC}
		{974927CE-C7A0-4960-A8AF-04BA690F502F} = {884AB8C5-E430-406A-AAFD-411B285B2ACC}
		{21B6CCB1-9FC4-4096-8DFF-8C441EE4B7AD} = {884AB8C5-E430-406A-AAFD-411B285B2ACC}
		{CD705DE3-12AE-4732-97BA-4AA8AE0C0671} = {884AB8C5-E430-406A-AAFD-411B285B2ACC}
		{891F0985-CED9-46DB-B88D-084D8D844B15} = {FA5358FA-BA62-4CCD-8FAB-8C6862228207}
		{37A3F9F8-E266-4EC3-8321-0D57DFE5551F} = {FA5358FA-BA62-4CCD-8FAB-8C6862228207}
		{DD378CC0-C365-447D-AED7-E2B18655B79F} = {FA5358FA-BA62-4CCD-8FAB-8C6862228207}
		{796CBB7C-CDDF-4A8B-B051-04CF05299515} = {FA5358FA-BA62-4CCD-8FAB-8C6862228207}
		{F1AD018E-76F5-40EC-A12B-F2028803CAE5} = {974927CE-C7A0-4960-A8AF-04BA690F502F}
		{B9D48DB6-5194-4D76-89F1-07BC5CD98BB1} = {974927CE-C7A0-4960-A8AF-04BA690F502F}
		{9D8DE847-8B4F-40C0-8E37-9A5B20DE933D} = {974927CE-C7A0-4960-A8AF-04BA690F502F}
		{AFE2DC0B-C83E-4604-BAD1-F71033EDA46B} = {974927CE-C7A0-4960-A8AF-04BA690F502F}
		{16D49DE1-D138-40BB-A434-F95F7DE446F1} = {CD705DE3-12AE-4732-97BA-4AA8AE0C0671}
		{A9824B31-8245-43D8-B42B-8F29A63AF497} = {CD705DE3-12AE-4732-97BA-4AA8AE0C0671}
		{F6A24428-1925-44D3-B6FE-A22EF888F55E} = {CD705DE3-12AE-4732-97BA-4AA8AE0C0671}
		{0CA48EA1-DD74-42F4-A692-9C366C81EDA7} = {CD705DE3-12AE-4732-97BA-4AA8AE0C0671}
		{C92F8650-3358-4472-9808-65212A2D5536} = {21B6CCB1-9FC4-4096-8DFF-8C441EE4B7AD}
	EndGlobalSection
	GlobalSection(ExtensibilityGlobals) = postSolution
		SolutionGuid = {3DD9A15E-743C-4270-B6D1-2FE12F84E042}
	EndGlobalSection
EndGlobal
